// !$*UTF8*$!
{
	archiveVersion = 1;
	classes = {
	};
	objectVersion = 56;
	objects = {

/* Begin PBXBuildFile section */
		ACBD684D2BDF37FF0077C6FC /* SwiftUIWidgetApp.swift in Sources */ = {isa = PBXBuildFile; fileRef = ACBD684C2BDF37FF0077C6FC /* SwiftUIWidgetApp.swift */; };
		ACBD684F2BDF37FF0077C6FC /* ContentView.swift in Sources */ = {isa = PBXBuildFile; fileRef = ACBD684E2BDF37FF0077C6FC /* ContentView.swift */; };
		ACBD68512BDF38010077C6FC /* Assets.xcassets in Resources */ = {isa = PBXBuildFile; fileRef = ACBD68502BDF38010077C6FC /* Assets.xcassets */; };
		ACBD68542BDF38010077C6FC /* Preview Assets.xcassets in Resources */ = {isa = PBXBuildFile; fileRef = ACBD68532BDF38010077C6FC /* Preview Assets.xcassets */; };
		ACBD685B2BDF38A90077C6FC /* DetailViewController.swift in Sources */ = {isa = PBXBuildFile; fileRef = ACBD685A2BDF38A90077C6FC /* DetailViewController.swift */; };
		ACBD68632BDF40940077C6FC /* SwiftUIWidgetUITests.swift in Sources */ = {isa = PBXBuildFile; fileRef = ACBD68622BDF40940077C6FC /* SwiftUIWidgetUITests.swift */; };
		ACBD68652BDF40940077C6FC /* SwiftUIWidgetUITestsLaunchTests.swift in Sources */ = {isa = PBXBuildFile; fileRef = ACBD68642BDF40940077C6FC /* SwiftUIWidgetUITestsLaunchTests.swift */; };
/* End PBXBuildFile section */

/* Begin PBXContainerItemProxy section */
		ACBD68662BDF40940077C6FC /* PBXContainerItemProxy */ = {
			isa = PBXContainerItemProxy;
			containerPortal = ACBD68412BDF37FF0077C6FC /* Project object */;
			proxyType = 1;
			remoteGlobalIDString = ACBD68482BDF37FF0077C6FC;
			remoteInfo = SwiftUIWidget;
		};
/* End PBXContainerItemProxy section */

/* Begin PBXFileReference section */
		ACBD68492BDF37FF0077C6FC /* SwiftUIWidget.app */ = {isa = PBXFileReference; explicitFileType = wrapper.application; includeInIndex = 0; path = SwiftUIWidget.app; sourceTree = BUILT_PRODUCTS_DIR; };
		ACBD684C2BDF37FF0077C6FC /* SwiftUIWidgetApp.swift */ = {isa = PBXFileReference; lastKnownFileType = sourcecode.swift; path = SwiftUIWidgetApp.swift; sourceTree = "<group>"; };
		ACBD684E2BDF37FF0077C6FC /* ContentView.swift */ = {isa = PBXFileReference; lastKnownFileType = sourcecode.swift; path = ContentView.swift; sourceTree = "<group>"; };
		ACBD68502BDF38010077C6FC /* Assets.xcassets */ = {isa = PBXFileReference; lastKnownFileType = folder.assetcatalog; path = Assets.xcassets; sourceTree = "<group>"; };
		ACBD68532BDF38010077C6FC /* Preview Assets.xcassets */ = {isa = PBXFileReference; lastKnownFileType = folder.assetcatalog; path = "Preview Assets.xcassets"; sourceTree = "<group>"; };
		ACBD685A2BDF38A90077C6FC /* DetailViewController.swift */ = {isa = PBXFileReference; lastKnownFileType = sourcecode.swift; path = DetailViewController.swift; sourceTree = "<group>"; };
		ACBD68602BDF40940077C6FC /* SwiftUIWidgetUITests.xctest */ = {isa = PBXFileReference; explicitFileType = wrapper.cfbundle; includeInIndex = 0; path = SwiftUIWidgetUITests.xctest; sourceTree = BUILT_PRODUCTS_DIR; };
		ACBD68622BDF40940077C6FC /* SwiftUIWidgetUITests.swift */ = {isa = PBXFileReference; lastKnownFileType = sourcecode.swift; path = SwiftUIWidgetUITests.swift; sourceTree = "<group>"; };
		ACBD68642BDF40940077C6FC /* SwiftUIWidgetUITestsLaunchTests.swift */ = {isa = PBXFileReference; lastKnownFileType = sourcecode.swift; path = SwiftUIWidgetUITestsLaunchTests.swift; sourceTree = "<group>"; };
/* End PBXFileReference section */

/* Begin PBXFrameworksBuildPhase section */
		ACBD68462BDF37FF0077C6FC /* Frameworks */ = {
			isa = PBXFrameworksBuildPhase;
			buildActionMask = 2147483647;
			files = (
			);
			runOnlyForDeploymentPostprocessing = 0;
		};
		ACBD685D2BDF40940077C6FC /* Frameworks */ = {
			isa = PBXFrameworksBuildPhase;
			buildActionMask = 2147483647;
			files = (
			);
			runOnlyForDeploymentPostprocessing = 0;
		};
/* End PBXFrameworksBuildPhase section */

/* Begin PBXGroup section */
		ACBD68402BDF37FF0077C6FC = {
			isa = PBXGroup;
			children = (
				ACBD684B2BDF37FF0077C6FC /* SwiftUIWidget */,
				ACBD68612BDF40940077C6FC /* SwiftUIWidgetUITests */,
				ACBD684A2BDF37FF0077C6FC /* Products */,
			);
			sourceTree = "<group>";
		};
		ACBD684A2BDF37FF0077C6FC /* Products */ = {
			isa = PBXGroup;
			children = (
				ACBD68492BDF37FF0077C6FC /* SwiftUIWidget.app */,
				ACBD68602BDF40940077C6FC /* SwiftUIWidgetUITests.xctest */,
			);
			name = Products;
			sourceTree = "<group>";
		};
		ACBD684B2BDF37FF0077C6FC /* SwiftUIWidget */ = {
			isa = PBXGroup;
			children = (
				ACBD684C2BDF37FF0077C6FC /* SwiftUIWidgetApp.swift */,
				ACBD684E2BDF37FF0077C6FC /* ContentView.swift */,
				ACBD685A2BDF38A90077C6FC /* DetailViewController.swift */,
				ACBD68502BDF38010077C6FC /* Assets.xcassets */,
				ACBD68522BDF38010077C6FC /* Preview Content */,
			);
			path = SwiftUIWidget;
			sourceTree = "<group>";
		};
		ACBD68522BDF38010077C6FC /* Preview Content */ = {
			isa = PBXGroup;
			children = (
				ACBD68532BDF38010077C6FC /* Preview Assets.xcassets */,
			);
			path = "Preview Content";
			sourceTree = "<group>";
		};
		ACBD68612BDF40940077C6FC /* SwiftUIWidgetUITests */ = {
			isa = PBXGroup;
			children = (
				ACBD68622BDF40940077C6FC /* SwiftUIWidgetUITests.swift */,
				ACBD68642BDF40940077C6FC /* SwiftUIWidgetUITestsLaunchTests.swift */,
			);
			path = SwiftUIWidgetUITests;
			sourceTree = "<group>";
		};
/* End PBXGroup section */

/* Begin PBXNativeTarget section */
		ACBD68482BDF37FF0077C6FC /* SwiftUIWidget */ = {
			isa = PBXNativeTarget;
			buildConfigurationList = ACBD68572BDF38010077C6FC /* Build configuration list for PBXNativeTarget "SwiftUIWidget" */;
			buildPhases = (
				ACBD68452BDF37FF0077C6FC /* Sources */,
				ACBD68462BDF37FF0077C6FC /* Frameworks */,
				ACBD68472BDF37FF0077C6FC /* Resources */,
			);
			buildRules = (
			);
			dependencies = (
			);
			name = SwiftUIWidget;
			productName = SwiftUIWidget;
			productReference = ACBD68492BDF37FF0077C6FC /* SwiftUIWidget.app */;
			productType = "com.apple.product-type.application";
		};
		ACBD685F2BDF40940077C6FC /* SwiftUIWidgetUITests */ = {
			isa = PBXNativeTarget;
			buildConfigurationList = ACBD68682BDF40940077C6FC /* Build configuration list for PBXNativeTarget "SwiftUIWidgetUITests" */;
			buildPhases = (
				ACBD685C2BDF40940077C6FC /* Sources */,
				ACBD685D2BDF40940077C6FC /* Frameworks */,
				ACBD685E2BDF40940077C6FC /* Resources */,
			);
			buildRules = (
			);
			dependencies = (
				ACBD68672BDF40940077C6FC /* PBXTargetDependency */,
			);
			name = SwiftUIWidgetUITests;
			productName = SwiftUIWidgetUITests;
			productReference = ACBD68602BDF40940077C6FC /* SwiftUIWidgetUITests.xctest */;
			productType = "com.apple.product-type.bundle.ui-testing";
		};
/* End PBXNativeTarget section */

/* Begin PBXProject section */
		ACBD68412BDF37FF0077C6FC /* Project object */ = {
			isa = PBXProject;
			attributes = {
				BuildIndependentTargetsInParallel = 1;
				LastSwiftUpdateCheck = 1530;
				LastUpgradeCheck = 1530;
				TargetAttributes = {
					ACBD68482BDF37FF0077C6FC = {
						CreatedOnToolsVersion = 15.3;
					};
					ACBD685F2BDF40940077C6FC = {
						CreatedOnToolsVersion = 15.3;
						TestTargetID = ACBD68482BDF37FF0077C6FC;
					};
				};
			};
			buildConfigurationList = ACBD68442BDF37FF0077C6FC /* Build configuration list for PBXProject "SwiftUIWidget" */;
			compatibilityVersion = "Xcode 14.0";
			developmentRegion = en;
			hasScannedForEncodings = 0;
			knownRegions = (
				en,
				Base,
			);
			mainGroup = ACBD68402BDF37FF0077C6FC;
			productRefGroup = ACBD684A2BDF37FF0077C6FC /* Products */;
			projectDirPath = "";
			projectRoot = "";
			targets = (
				ACBD68482BDF37FF0077C6FC /* SwiftUIWidget */,
				ACBD685F2BDF40940077C6FC /* SwiftUIWidgetUITests */,
			);
		};
/* End PBXProject section */

/* Begin PBXResourcesBuildPhase section */
		ACBD68472BDF37FF0077C6FC /* Resources */ = {
			isa = PBXResourcesBuildPhase;
			buildActionMask = 2147483647;
			files = (
				ACBD68542BDF38010077C6FC /* Preview Assets.xcassets in Resources */,
				ACBD68512BDF38010077C6FC /* Assets.xcassets in Resources */,
			);
			runOnlyForDeploymentPostprocessing = 0;
		};
		ACBD685E2BDF40940077C6FC /* Resources */ = {
			isa = PBXResourcesBuildPhase;
			buildActionMask = 2147483647;
			files = (
			);
			runOnlyForDeploymentPostprocessing = 0;
		};
/* End PBXResourcesBuildPhase section */

/* Begin PBXSourcesBuildPhase section */
		ACBD68452BDF37FF0077C6FC /* Sources */ = {
			isa = PBXSourcesBuildPhase;
			buildActionMask = 2147483647;
			files = (
				ACBD685B2BDF38A90077C6FC /* DetailViewController.swift in Sources */,
				ACBD684F2BDF37FF0077C6FC /* ContentView.swift in Sources */,
				ACBD684D2BDF37FF0077C6FC /* SwiftUIWidgetApp.swift in Sources */,
			);
			runOnlyForDeploymentPostprocessing = 0;
		};
		ACBD685C2BDF40940077C6FC /* Sources */ = {
			isa = PBXSourcesBuildPhase;
			buildActionMask = 2147483647;
			files = (
				ACBD68652BDF40940077C6FC /* SwiftUIWidgetUITestsLaunchTests.swift in Sources */,
				ACBD68632BDF40940077C6FC /* SwiftUIWidgetUITests.swift in Sources */,
			);
			runOnlyForDeploymentPostprocessing = 0;
		};
/* End PBXSourcesBuildPhase section */

/* Begin PBXTargetDependency section */
		ACBD68672BDF40940077C6FC /* PBXTargetDependency */ = {
			isa = PBXTargetDependency;
			target = ACBD68482BDF37FF0077C6FC /* SwiftUIWidget */;
			targetProxy = ACBD68662BDF40940077C6FC /* PBXContainerItemProxy */;
		};
/* End PBXTargetDependency section */

/* Begin XCBuildConfiguration section */
		ACBD68552BDF38010077C6FC /* Debug */ = {
			isa = XCBuildConfiguration;
			buildSettings = {
				ALWAYS_SEARCH_USER_PATHS = NO;
				ASSETCATALOG_COMPILER_GENERATE_SWIFT_ASSET_SYMBOL_EXTENSIONS = YES;
				CLANG_ANALYZER_NONNULL = YES;
				CLANG_ANALYZER_NUMBER_OBJECT_CONVERSION = YES_AGGRESSIVE;
				CLANG_CXX_LANGUAGE_STANDARD = "gnu++20";
				CLANG_ENABLE_MODULES = YES;
				CLANG_ENABLE_OBJC_ARC = YES;
				CLANG_ENABLE_OBJC_WEAK = YES;
				CLANG_WARN_BLOCK_CAPTURE_AUTORELEASING = YES;
				CLANG_WARN_BOOL_CONVERSION = YES;
				CLANG_WARN_COMMA = YES;
				CLANG_WARN_CONSTANT_CONVERSION = YES;
				CLANG_WARN_DEPRECATED_OBJC_IMPLEMENTATIONS = YES;
				CLANG_WARN_DIRECT_OBJC_ISA_USAGE = YES_ERROR;
				CLANG_WARN_DOCUMENTATION_COMMENTS = YES;
				CLANG_WARN_EMPTY_BODY = YES;
				CLANG_WARN_ENUM_CONVERSION = YES;
				CLANG_WARN_INFINITE_RECURSION = YES;
				CLANG_WARN_INT_CONVERSION = YES;
				CLANG_WARN_NON_LITERAL_NULL_CONVERSION = YES;
				CLANG_WARN_OBJC_IMPLICIT_RETAIN_SELF = YES;
				CLANG_WARN_OBJC_LITERAL_CONVERSION = YES;
				CLANG_WARN_OBJC_ROOT_CLASS = YES_ERROR;
				CLANG_WARN_QUOTED_INCLUDE_IN_FRAMEWORK_HEADER = YES;
				CLANG_WARN_RANGE_LOOP_ANALYSIS = YES;
				CLANG_WARN_STRICT_PROTOTYPES = YES;
				CLANG_WARN_SUSPICIOUS_MOVE = YES;
				CLANG_WARN_UNGUARDED_AVAILABILITY = YES_AGGRESSIVE;
				CLANG_WARN_UNREACHABLE_CODE = YES;
				CLANG_WARN__DUPLICATE_METHOD_MATCH = YES;
				COPY_PHASE_STRIP = NO;
				DEBUG_INFORMATION_FORMAT = dwarf;
				ENABLE_STRICT_OBJC_MSGSEND = YES;
				ENABLE_TESTABILITY = YES;
				ENABLE_USER_SCRIPT_SANDBOXING = YES;
				GCC_C_LANGUAGE_STANDARD = gnu17;
				GCC_DYNAMIC_NO_PIC = NO;
				GCC_NO_COMMON_BLOCKS = YES;
				GCC_OPTIMIZATION_LEVEL = 0;
				GCC_PREPROCESSOR_DEFINITIONS = (
					"DEBUG=1",
					"$(inherited)",
				);
				GCC_WARN_64_TO_32_BIT_CONVERSION = YES;
				GCC_WARN_ABOUT_RETURN_TYPE = YES_ERROR;
				GCC_WARN_UNDECLARED_SELECTOR = YES;
				GCC_WARN_UNINITIALIZED_AUTOS = YES_AGGRESSIVE;
				GCC_WARN_UNUSED_FUNCTION = YES;
				GCC_WARN_UNUSED_VARIABLE = YES;
				IPHONEOS_DEPLOYMENT_TARGET = 17.4;
				LOCALIZATION_PREFERS_STRING_CATALOGS = YES;
				MTL_ENABLE_DEBUG_INFO = INCLUDE_SOURCE;
				MTL_FAST_MATH = YES;
				ONLY_ACTIVE_ARCH = YES;
				SDKROOT = iphoneos;
				SWIFT_ACTIVE_COMPILATION_CONDITIONS = "DEBUG $(inherited)";
				SWIFT_OPTIMIZATION_LEVEL = "-Onone";
			};
			name = Debug;
		};
		ACBD68562BDF38010077C6FC /* Release */ = {
			isa = XCBuildConfiguration;
			buildSettings = {
				ALWAYS_SEARCH_USER_PATHS = NO;
				ASSETCATALOG_COMPILER_GENERATE_SWIFT_ASSET_SYMBOL_EXTENSIONS = YES;
				CLANG_ANALYZER_NONNULL = YES;
				CLANG_ANALYZER_NUMBER_OBJECT_CONVERSION = YES_AGGRESSIVE;
				CLANG_CXX_LANGUAGE_STANDARD = "gnu++20";
				CLANG_ENABLE_MODULES = YES;
				CLANG_ENABLE_OBJC_ARC = YES;
				CLANG_ENABLE_OBJC_WEAK = YES;
				CLANG_WARN_BLOCK_CAPTURE_AUTORELEASING = YES;
				CLANG_WARN_BOOL_CONVERSION = YES;
				CLANG_WARN_COMMA = YES;
				CLANG_WARN_CONSTANT_CONVERSION = YES;
				CLANG_WARN_DEPRECATED_OBJC_IMPLEMENTATIONS = YES;
				CLANG_WARN_DIRECT_OBJC_ISA_USAGE = YES_ERROR;
				CLANG_WARN_DOCUMENTATION_COMMENTS = YES;
				CLANG_WARN_EMPTY_BODY = YES;
				CLANG_WARN_ENUM_CONVERSION = YES;
				CLANG_WARN_INFINITE_RECURSION = YES;
				CLANG_WARN_INT_CONVERSION = YES;
				CLANG_WARN_NON_LITERAL_NULL_CONVERSION = YES;
				CLANG_WARN_OBJC_IMPLICIT_RETAIN_SELF = YES;
				CLANG_WARN_OBJC_LITERAL_CONVERSION = YES;
				CLANG_WARN_OBJC_ROOT_CLASS = YES_ERROR;
				CLANG_WARN_QUOTED_INCLUDE_IN_FRAMEWORK_HEADER = YES;
				CLANG_WARN_RANGE_LOOP_ANALYSIS = YES;
				CLANG_WARN_STRICT_PROTOTYPES = YES;
				CLANG_WARN_SUSPICIOUS_MOVE = YES;
				CLANG_WARN_UNGUARDED_AVAILABILITY = YES_AGGRESSIVE;
				CLANG_WARN_UNREACHABLE_CODE = YES;
				CLANG_WARN__DUPLICATE_METHOD_MATCH = YES;
				COPY_PHASE_STRIP = NO;
				DEBUG_INFORMATION_FORMAT = "dwarf-with-dsym";
				ENABLE_NS_ASSERTIONS = NO;
				ENABLE_STRICT_OBJC_MSGSEND = YES;
				ENABLE_USER_SCRIPT_SANDBOXING = YES;
				GCC_C_LANGUAGE_STANDARD = gnu17;
				GCC_NO_COMMON_BLOCKS = YES;
				GCC_WARN_64_TO_32_BIT_CONVERSION = YES;
				GCC_WARN_ABOUT_RETURN_TYPE = YES_ERROR;
				GCC_WARN_UNDECLARED_SELECTOR = YES;
				GCC_WARN_UNINITIALIZED_AUTOS = YES_AGGRESSIVE;
				GCC_WARN_UNUSED_FUNCTION = YES;
				GCC_WARN_UNUSED_VARIABLE = YES;
				IPHONEOS_DEPLOYMENT_TARGET = 17.4;
				LOCALIZATION_PREFERS_STRING_CATALOGS = YES;
				MTL_ENABLE_DEBUG_INFO = NO;
				MTL_FAST_MATH = YES;
				SDKROOT = iphoneos;
				SWIFT_COMPILATION_MODE = wholemodule;
				VALIDATE_PRODUCT = YES;
			};
			name = Release;
		};
		ACBD68582BDF38010077C6FC /* Debug */ = {
			isa = XCBuildConfiguration;
			buildSettings = {
				ASSETCATALOG_COMPILER_APPICON_NAME = AppIcon;
				ASSETCATALOG_COMPILER_GLOBAL_ACCENT_COLOR_NAME = AccentColor;
				CODE_SIGN_STYLE = Automatic;
				CURRENT_PROJECT_VERSION = 1;
				DEVELOPMENT_ASSET_PATHS = "\"SwiftUIWidget/Preview Content\"";
				DEVELOPMENT_TEAM = 92Y6UC7Q5M;
				ENABLE_PREVIEWS = YES;
				GENERATE_INFOPLIST_FILE = YES;
				INFOPLIST_KEY_UIApplicationSceneManifest_Generation = YES;
				INFOPLIST_KEY_UIApplicationSupportsIndirectInputEvents = YES;
				INFOPLIST_KEY_UILaunchScreen_Generation = YES;
				INFOPLIST_KEY_UISupportedInterfaceOrientations_iPad = "UIInterfaceOrientationPortrait UIInterfaceOrientationPortraitUpsideDown UIInterfaceOrientationLandscapeLeft UIInterfaceOrientationLandscapeRight";
				INFOPLIST_KEY_UISupportedInterfaceOrientations_iPhone = "UIInterfaceOrientationPortrait UIInterfaceOrientationLandscapeLeft UIInterfaceOrientationLandscapeRight";
				LD_RUNPATH_SEARCH_PATHS = (
					"$(inherited)",
					"@executable_path/Frameworks",
				);
				MARKETING_VERSION = 1.0;
				PRODUCT_BUNDLE_IDENTIFIER = com.donotinto.SwiftUIWidget;
				PRODUCT_NAME = "$(TARGET_NAME)";
				SUPPORTED_PLATFORMS = "iphoneos iphonesimulator";
				SUPPORTS_MACCATALYST = NO;
				SUPPORTS_MAC_DESIGNED_FOR_IPHONE_IPAD = NO;
				SUPPORTS_XR_DESIGNED_FOR_IPHONE_IPAD = NO;
				SWIFT_EMIT_LOC_STRINGS = YES;
				SWIFT_VERSION = 5.0;
				TARGETED_DEVICE_FAMILY = 1;
			};
			name = Debug;
		};
		ACBD68592BDF38010077C6FC /* Release */ = {
			isa = XCBuildConfiguration;
			buildSettings = {
				ASSETCATALOG_COMPILER_APPICON_NAME = AppIcon;
				ASSETCATALOG_COMPILER_GLOBAL_ACCENT_COLOR_NAME = AccentColor;
				CODE_SIGN_STYLE = Automatic;
				CURRENT_PROJECT_VERSION = 1;
				DEVELOPMENT_ASSET_PATHS = "\"SwiftUIWidget/Preview Content\"";
				DEVELOPMENT_TEAM = 92Y6UC7Q5M;
				ENABLE_PREVIEWS = YES;
				GENERATE_INFOPLIST_FILE = YES;
				INFOPLIST_KEY_UIApplicationSceneManifest_Generation = YES;
				INFOPLIST_KEY_UIApplicationSupportsIndirectInputEvents = YES;
				INFOPLIST_KEY_UILaunchScreen_Generation = YES;
				INFOPLIST_KEY_UISupportedInterfaceOrientations_iPad = "UIInterfaceOrientationPortrait UIInterfaceOrientationPortraitUpsideDown UIInterfaceOrientationLandscapeLeft UIInterfaceOrientationLandscapeRight";
				INFOPLIST_KEY_UISupportedInterfaceOrientations_iPhone = "UIInterfaceOrientationPortrait UIInterfaceOrientationLandscapeLeft UIInterfaceOrientationLandscapeRight";
				LD_RUNPATH_SEARCH_PATHS = (
					"$(inherited)",
					"@executable_path/Frameworks",
				);
				MARKETING_VERSION = 1.0;
				PRODUCT_BUNDLE_IDENTIFIER = com.donotinto.SwiftUIWidget;
				PRODUCT_NAME = "$(TARGET_NAME)";
				SUPPORTED_PLATFORMS = "iphoneos iphonesimulator";
				SUPPORTS_MACCATALYST = NO;
				SUPPORTS_MAC_DESIGNED_FOR_IPHONE_IPAD = NO;
				SUPPORTS_XR_DESIGNED_FOR_IPHONE_IPAD = NO;
				SWIFT_EMIT_LOC_STRINGS = YES;
				SWIFT_VERSION = 5.0;
				TARGETED_DEVICE_FAMILY = 1;
			};
			name = Release;
		};
		ACBD68692BDF40940077C6FC /* Debug */ = {
			isa = XCBuildConfiguration;
			buildSettings = {
				CODE_SIGN_STYLE = Automatic;
				CURRENT_PROJECT_VERSION = 1;
				DEVELOPMENT_TEAM = 92Y6UC7Q5M;
				GENERATE_INFOPLIST_FILE = YES;
				MARKETING_VERSION = 1.0;
				PRODUCT_BUNDLE_IDENTIFIER = com.donotinto.SwiftUIWidgetUITests;
				PRODUCT_NAME = "$(TARGET_NAME)";
				SUPPORTED_PLATFORMS = "iphoneos iphonesimulator";
				SUPPORTS_MACCATALYST = NO;
				SUPPORTS_MAC_DESIGNED_FOR_IPHONE_IPAD = NO;
				SUPPORTS_XR_DESIGNED_FOR_IPHONE_IPAD = NO;
				SWIFT_EMIT_LOC_STRINGS = NO;
				SWIFT_VERSION = 5.0;
				TARGETED_DEVICE_FAMILY = 1;
				TEST_TARGET_NAME = SwiftUIWidget;
			};
			name = Debug;
		};
		ACBD686A2BDF40940077C6FC /* Release */ = {
			isa = XCBuildConfiguration;
			buildSettings = {
				CODE_SIGN_STYLE = Automatic;
				CURRENT_PROJECT_VERSION = 1;
				DEVELOPMENT_TEAM = 92Y6UC7Q5M;
				GENERATE_INFOPLIST_FILE = YES;
				MARKETING_VERSION = 1.0;
				PRODUCT_BUNDLE_IDENTIFIER = com.donotinto.SwiftUIWidgetUITests;
				PRODUCT_NAME = "$(TARGET_NAME)";
				SUPPORTED_PLATFORMS = "iphoneos iphonesimulator";
				SUPPORTS_MACCATALYST = NO;
				SUPPORTS_MAC_DESIGNED_FOR_IPHONE_IPAD = NO;
				SUPPORTS_XR_DESIGNED_FOR_IPHONE_IPAD = NO;
				SWIFT_EMIT_LOC_STRINGS = NO;
				SWIFT_VERSION = 5.0;
				TARGETED_DEVICE_FAMILY = 1;
				TEST_TARGET_NAME = SwiftUIWidget;
			};
			name = Release;
		};
/* End XCBuildConfiguration section */

/* Begin XCConfigurationList section */
		ACBD68442BDF37FF0077C6FC /* Build configuration list for PBXProject "SwiftUIWidget" */ = {
			isa = XCConfigurationList;
			buildConfigurations = (
				ACBD68552BDF38010077C6FC /* Debug */,
				ACBD68562BDF38010077C6FC /* Release */,
			);
			defaultConfigurationIsVisible = 0;
			defaultConfigurationName = Release;
		};
		ACBD68572BDF38010077C6FC /* Build configuration list for PBXNativeTarget "SwiftUIWidget" */ = {
			isa = XCConfigurationList;
			buildConfigurations = (
				ACBD68582BDF38010077C6FC /* Debug */,
				ACBD68592BDF38010077C6FC /* Release */,
			);
			defaultConfigurationIsVisible = 0;
			defaultConfigurationName = Release;
		};
		ACBD68682BDF40940077C6FC /* Build configuration list for PBXNativeTarget "SwiftUIWidgetUITests" */ = {
			isa = XCConfigurationList;
			buildConfigurations = (
				ACBD68692BDF40940077C6FC /* Debug */,
				ACBD686A2BDF40940077C6FC /* Release */,
			);
			defaultConfigurationIsVisible = 0;
			defaultConfigurationName = Release;
		};
/* End XCConfigurationList section */
	};
	rootObject = ACBD68412BDF37FF0077C6FC /* Project object */;
}
